
Microsoft Visual Studio Solution File, Format Version 12.00
# Visual Studio Version 17
VisualStudioVersion = 17.1.32210.238
MinimumVisualStudioVersion = 10.0.40219.1
Project("{FAE04EC0-301F-11D3-BF4B-00C04F79EFBC}") = "Day35AddressBookLinq", "Day35AddressBookLinq\Day35AddressBookLinq.csproj", "{D9076EF8-95D2-455D-9164-50B1BFFEFB00}"
EndProject
Global
	GlobalSection(SolutionConfigurationPlatforms) = preSolution
		Debug|Any CPU = Debug|Any CPU
		Release|Any CPU = Release|Any CPU
	EndGlobalSection
	GlobalSection(ProjectConfigurationPlatforms) = postSolution
		{D9076EF8-95D2-455D-9164-50B1BFFEFB00}.Debug|Any CPU.ActiveCfg = Debug|Any CPU
		{D9076EF8-95D2-455D-9164-50B1BFFEFB00}.Debug|Any CPU.Build.0 = Debug|Any CPU
		{D9076EF8-95D2-455D-9164-50B1BFFEFB00}.Release|Any CPU.ActiveCfg = Release|Any CPU
		{D9076EF8-95D2-455D-9164-50B1BFFEFB00}.Release|Any CPU.Build.0 = Release|Any CPU
	EndGlobalSection
	GlobalSection(SolutionProperties) = preSolution
		HideSolutionNode = FALSE
	EndGlobalSection
	GlobalSection(ExtensibilityGlobals) = postSolution
		SolutionGuid = {5DF828FD-17CC-4718-99DB-B8D01648D5BB}
	EndGlobalSection
EndGlobal
